
Microsoft Visual Studio Solution File, Format Version 12.00
# Visual Studio Version 16
VisualStudioVersion = 16.0.30114.105
MinimumVisualStudioVersion = 10.0.40219.1
Project("{2150E333-8FDC-42A3-9474-1A3956D46DE8}") = "domain", "domain", "{3B5A0D9E-DBF5-4DC4-8BAE-63F709D0BCCA}"
EndProject
Project("{9A19103F-16F7-4668-BE54-9A1E7A4F7556}") = "Store", "domain\Store\Store.csproj", "{43983CE1-CAC9-4AA6-873F-A5C89B61AFC7}"
EndProject
Project("{2150E333-8FDC-42A3-9474-1A3956D46DE8}") = "Infrastructure", "Infrastructure", "{E3FB48A1-6EFA-42A7-AC8F-E6B7F78DB4CB}"
EndProject
Project("{9A19103F-16F7-4668-BE54-9A1E7A4F7556}") = "Store.Memory", "infrastructure\Store.Memory\Store.Memory.csproj", "{CE34FBE3-0A90-4F29-A4F9-8F9FBBBB9F73}"
EndProject
Project("{2150E333-8FDC-42A3-9474-1A3956D46DE8}") = "presentation", "presentation", "{467C8F99-1E51-4184-BD3E-4E1BAACB863B}"
EndProject
Project("{9A19103F-16F7-4668-BE54-9A1E7A4F7556}") = "Store.Web", "presentation\Store.Web\Store.Web.csproj", "{1AB0FE7D-2ABF-4163-9182-4B310A8A8E0A}"
EndProject
Global
	GlobalSection(SolutionConfigurationPlatforms) = preSolution
		Debug|Any CPU = Debug|Any CPU
		Debug|x64 = Debug|x64
		Debug|x86 = Debug|x86
		Release|Any CPU = Release|Any CPU
		Release|x64 = Release|x64
		Release|x86 = Release|x86
	EndGlobalSection
	GlobalSection(ProjectConfigurationPlatforms) = postSolution
		{43983CE1-CAC9-4AA6-873F-A5C89B61AFC7}.Debug|Any CPU.ActiveCfg = Debug|Any CPU
		{43983CE1-CAC9-4AA6-873F-A5C89B61AFC7}.Debug|Any CPU.Build.0 = Debug|Any CPU
		{43983CE1-CAC9-4AA6-873F-A5C89B61AFC7}.Debug|x64.ActiveCfg = Debug|Any CPU
		{43983CE1-CAC9-4AA6-873F-A5C89B61AFC7}.Debug|x64.Build.0 = Debug|Any CPU
		{43983CE1-CAC9-4AA6-873F-A5C89B61AFC7}.Debug|x86.ActiveCfg = Debug|Any CPU
		{43983CE1-CAC9-4AA6-873F-A5C89B61AFC7}.Debug|x86.Build.0 = Debug|Any CPU
		{43983CE1-CAC9-4AA6-873F-A5C89B61AFC7}.Release|Any CPU.ActiveCfg = Release|Any CPU
		{43983CE1-CAC9-4AA6-873F-A5C89B61AFC7}.Release|Any CPU.Build.0 = Release|Any CPU
		{43983CE1-CAC9-4AA6-873F-A5C89B61AFC7}.Release|x64.ActiveCfg = Release|Any CPU
		{43983CE1-CAC9-4AA6-873F-A5C89B61AFC7}.Release|x64.Build.0 = Release|Any CPU
		{43983CE1-CAC9-4AA6-873F-A5C89B61AFC7}.Release|x86.ActiveCfg = Release|Any CPU
		{43983CE1-CAC9-4AA6-873F-A5C89B61AFC7}.Release|x86.Build.0 = Release|Any CPU
		{CE34FBE3-0A90-4F29-A4F9-8F9FBBBB9F73}.Debug|Any CPU.ActiveCfg = Debug|Any CPU
		{CE34FBE3-0A90-4F29-A4F9-8F9FBBBB9F73}.Debug|Any CPU.Build.0 = Debug|Any CPU
		{CE34FBE3-0A90-4F29-A4F9-8F9FBBBB9F73}.Debug|x64.ActiveCfg = Debug|Any CPU
		{CE34FBE3-0A90-4F29-A4F9-8F9FBBBB9F73}.Debug|x64.Build.0 = Debug|Any CPU
		{CE34FBE3-0A90-4F29-A4F9-8F9FBBBB9F73}.Debug|x86.ActiveCfg = Debug|Any CPU
		{CE34FBE3-0A90-4F29-A4F9-8F9FBBBB9F73}.Debug|x86.Build.0 = Debug|Any CPU
		{CE34FBE3-0A90-4F29-A4F9-8F9FBBBB9F73}.Release|Any CPU.ActiveCfg = Release|Any CPU
		{CE34FBE3-0A90-4F29-A4F9-8F9FBBBB9F73}.Release|Any CPU.Build.0 = Release|Any CPU
		{CE34FBE3-0A90-4F29-A4F9-8F9FBBBB9F73}.Release|x64.ActiveCfg = Release|Any CPU
		{CE34FBE3-0A90-4F29-A4F9-8F9FBBBB9F73}.Release|x64.Build.0 = Release|Any CPU
		{CE34FBE3-0A90-4F29-A4F9-8F9FBBBB9F73}.Release|x86.ActiveCfg = Release|Any CPU
		{CE34FBE3-0A90-4F29-A4F9-8F9FBBBB9F73}.Release|x86.Build.0 = Release|Any CPU
		{1AB0FE7D-2ABF-4163-9182-4B310A8A8E0A}.Debug|Any CPU.ActiveCfg = Debug|Any CPU
		{1AB0FE7D-2ABF-4163-9182-4B310A8A8E0A}.Debug|Any CPU.Build.0 = Debug|Any CPU
		{1AB0FE7D-2ABF-4163-9182-4B310A8A8E0A}.Debug|x64.ActiveCfg = Debug|Any CPU
		{1AB0FE7D-2ABF-4163-9182-4B310A8A8E0A}.Debug|x64.Build.0 = Debug|Any CPU
		{1AB0FE7D-2ABF-4163-9182-4B310A8A8E0A}.Debug|x86.ActiveCfg = Debug|Any CPU
		{1AB0FE7D-2ABF-4163-9182-4B310A8A8E0A}.Debug|x86.Build.0 = Debug|Any CPU
		{1AB0FE7D-2ABF-4163-9182-4B310A8A8E0A}.Release|Any CPU.ActiveCfg = Release|Any CPU
		{1AB0FE7D-2ABF-4163-9182-4B310A8A8E0A}.Release|Any CPU.Build.0 = Release|Any CPU
		{1AB0FE7D-2ABF-4163-9182-4B310A8A8E0A}.Release|x64.ActiveCfg = Release|Any CPU
		{1AB0FE7D-2ABF-4163-9182-4B310A8A8E0A}.Release|x64.Build.0 = Release|Any CPU
		{1AB0FE7D-2ABF-4163-9182-4B310A8A8E0A}.Release|x86.ActiveCfg = Release|Any CPU
		{1AB0FE7D-2ABF-4163-9182-4B310A8A8E0A}.Release|x86.Build.0 = Release|Any CPU
	EndGlobalSection
	GlobalSection(SolutionProperties) = preSolution
		HideSolutionNode = FALSE
	EndGlobalSection
	GlobalSection(NestedProjects) = preSolution
		{43983CE1-CAC9-4AA6-873F-A5C89B61AFC7} = {3B5A0D9E-DBF5-4DC4-8BAE-63F709D0BCCA}
		{CE34FBE3-0A90-4F29-A4F9-8F9FBBBB9F73} = {E3FB48A1-6EFA-42A7-AC8F-E6B7F78DB4CB}
		{1AB0FE7D-2ABF-4163-9182-4B310A8A8E0A} = {467C8F99-1E51-4184-BD3E-4E1BAACB863B}
	EndGlobalSection
	GlobalSection(ExtensibilityGlobals) = postSolution
		SolutionGuid = {99FF34CB-B197-42E4-9DEC-6F80A536AC23}
	EndGlobalSection
EndGlobal
